
Microsoft Visual Studio Solution File, Format Version 12.00
# Visual Studio Version 17
VisualStudioVersion = 17.7.34221.43
MinimumVisualStudioVersion = 10.0.40219.1
Project("{FAE04EC0-301F-11D3-BF4B-00C04F79EFBC}") = "Uygulama23", "Uygulama23\Uygulama23.csproj", "{C02BAFA0-1C99-4453-8A84-85A58CA8F293}"
EndProject
Global
	GlobalSection(SolutionConfigurationPlatforms) = preSolution
		Debug|Any CPU = Debug|Any CPU
		Release|Any CPU = Release|Any CPU
	EndGlobalSection
	GlobalSection(ProjectConfigurationPlatforms) = postSolution
		{C02BAFA0-1C99-4453-8A84-85A58CA8F293}.Debug|Any CPU.ActiveCfg = Debug|Any CPU
		{C02BAFA0-1C99-4453-8A84-85A58CA8F293}.Debug|Any CPU.Build.0 = Debug|Any CPU
		{C02BAFA0-1C99-4453-8A84-85A58CA8F293}.Release|Any CPU.ActiveCfg = Release|Any CPU
		{C02BAFA0-1C99-4453-8A84-85A58CA8F293}.Release|Any CPU.Build.0 = Release|Any CPU
	EndGlobalSection
	GlobalSection(SolutionProperties) = preSolution
		HideSolutionNode = FALSE
	EndGlobalSection
	GlobalSection(ExtensibilityGlobals) = postSolution
		SolutionGuid = {0FF3C740-7D07-4B65-8BBB-C563EC59DF5F}
	EndGlobalSection
EndGlobal
